
Microsoft Visual Studio Solution File, Format Version 12.00
# Visual Studio 2012
Project("{FAE04EC0-301F-11D3-BF4B-00C04F79EFBC}") = "GeneralTests", "GeneralTests\GeneralTests.csproj", "{71FFC7F4-935B-436D-92D7-024CA4B0481C}"
EndProject
Project("{2150E333-8FDC-42A3-9474-1A3956D46DE8}") = "Solution Items", "Solution Items", "{40C69C1C-3967-4CEC-911A-346B448B36A9}"
	ProjectSection(SolutionItems) = preProject
		Local.testsettings = Local.testsettings
		TraceAndTestImpact.testsettings = TraceAndTestImpact.testsettings
	EndProjectSection
EndProject
Project("{FAE04EC0-301F-11D3-BF4B-00C04F79EFBC}") = "Tests", "Tests\Tests.csproj", "{D0399BCD-E862-4743-9ECF-ED6BCF58ACA3}"
EndProject
Global
	GlobalSection(SolutionConfigurationPlatforms) = preSolution
		Debug|Any CPU = Debug|Any CPU
		Debug|Mixed Platforms = Debug|Mixed Platforms
		Debug|Win32 = Debug|Win32
		Debug|x86 = Debug|x86
		Release|Any CPU = Release|Any CPU
		Release|Mixed Platforms = Release|Mixed Platforms
		Release|Win32 = Release|Win32
		Release|x86 = Release|x86
	EndGlobalSection
	GlobalSection(ProjectConfigurationPlatforms) = postSolution
		{71FFC7F4-935B-436D-92D7-024CA4B0481C}.Debug|Any CPU.ActiveCfg = Debug|x86
		{71FFC7F4-935B-436D-92D7-024CA4B0481C}.Debug|Mixed Platforms.ActiveCfg = Debug|x86
		{71FFC7F4-935B-436D-92D7-024CA4B0481C}.Debug|Mixed Platforms.Build.0 = Debug|x86
		{71FFC7F4-935B-436D-92D7-024CA4B0481C}.Debug|Win32.ActiveCfg = Debug|x86
		{71FFC7F4-935B-436D-92D7-024CA4B0481C}.Debug|x86.ActiveCfg = Debug|x86
		{71FFC7F4-935B-436D-92D7-024CA4B0481C}.Debug|x86.Build.0 = Debug|x86
		{71FFC7F4-935B-436D-92D7-024CA4B0481C}.Release|Any CPU.ActiveCfg = Release|x86
		{71FFC7F4-935B-436D-92D7-024CA4B0481C}.Release|Mixed Platforms.ActiveCfg = Release|x86
		{71FFC7F4-935B-436D-92D7-024CA4B0481C}.Release|Mixed Platforms.Build.0 = Release|x86
		{71FFC7F4-935B-436D-92D7-024CA4B0481C}.Release|Win32.ActiveCfg = Release|x86
		{71FFC7F4-935B-436D-92D7-024CA4B0481C}.Release|x86.ActiveCfg = Release|x86
		{71FFC7F4-935B-436D-92D7-024CA4B0481C}.Release|x86.Build.0 = Release|x86
		{D0399BCD-E862-4743-9ECF-ED6BCF58ACA3}.Debug|Any CPU.ActiveCfg = Debug|Any CPU
		{D0399BCD-E862-4743-9ECF-ED6BCF58ACA3}.Debug|Any CPU.Build.0 = Debug|Any CPU
		{D0399BCD-E862-4743-9ECF-ED6BCF58ACA3}.Debug|Mixed Platforms.ActiveCfg = Debug|Any CPU
		{D0399BCD-E862-4743-9ECF-ED6BCF58ACA3}.Debug|Mixed Platforms.Build.0 = Debug|Any CPU
		{D0399BCD-E862-4743-9ECF-ED6BCF58ACA3}.Debug|Win32.ActiveCfg = Debug|Any CPU
		{D0399BCD-E862-4743-9ECF-ED6BCF58ACA3}.Debug|x86.ActiveCfg = Debug|Any CPU
		{D0399BCD-E862-4743-9ECF-ED6BCF58ACA3}.Release|Any CPU.ActiveCfg = Release|Any CPU
		{D0399BCD-E862-4743-9ECF-ED6BCF58ACA3}.Release|Any CPU.Build.0 = Release|Any CPU
		{D0399BCD-E862-4743-9ECF-ED6BCF58ACA3}.Release|Mixed Platforms.ActiveCfg = Release|Any CPU
		{D0399BCD-E862-4743-9ECF-ED6BCF58ACA3}.Release|Mixed Platforms.Build.0 = Release|Any CPU
		{D0399BCD-E862-4743-9ECF-ED6BCF58ACA3}.Release|Win32.ActiveCfg = Release|Any CPU
		{D0399BCD-E862-4743-9ECF-ED6BCF58ACA3}.Release|x86.ActiveCfg = Release|Any CPU
	EndGlobalSection
	GlobalSection(SolutionProperties) = preSolution
		HideSolutionNode = FALSE
	EndGlobalSection
EndGlobal
